
Microsoft Visual Studio Solution File, Format Version 12.00
# Visual Studio Version 17
VisualStudioVersion = 17.13.35825.156 d17.13
MinimumVisualStudioVersion = 10.0.40219.1
Project("{FAE04EC0-301F-11D3-BF4B-00C04F79EFBC}") = "2180609183_DinhVanHoangDuy", "2180609183_DinhVanHoangDuy.csproj", "{F1E6C8E9-6392-4261-88A5-3FFB0C0FC4E6}"
EndProject
Project("{FAE04EC0-301F-11D3-BF4B-00C04F79EFBC}") = "Bai1", "..\Bai1\Bai1.csproj", "{CF285673-ACBF-4DFB-9AF2-82FE915A487C}"
EndProject
Project("{FAE04EC0-301F-11D3-BF4B-00C04F79EFBC}") = "Bai2", "..\Bai2\Bai2.csproj", "{2D6FD549-839B-4356-BD7B-5BAB7C7ADFAA}"
EndProject
Global
	GlobalSection(SolutionConfigurationPlatforms) = preSolution
		Debug|Any CPU = Debug|Any CPU
		Release|Any CPU = Release|Any CPU
	EndGlobalSection
	GlobalSection(ProjectConfigurationPlatforms) = postSolution
		{F1E6C8E9-6392-4261-88A5-3FFB0C0FC4E6}.Debug|Any CPU.ActiveCfg = Debug|Any CPU
		{F1E6C8E9-6392-4261-88A5-3FFB0C0FC4E6}.Debug|Any CPU.Build.0 = Debug|Any CPU
		{F1E6C8E9-6392-4261-88A5-3FFB0C0FC4E6}.Release|Any CPU.ActiveCfg = Release|Any CPU
		{F1E6C8E9-6392-4261-88A5-3FFB0C0FC4E6}.Release|Any CPU.Build.0 = Release|Any CPU
		{CF285673-ACBF-4DFB-9AF2-82FE915A487C}.Debug|Any CPU.ActiveCfg = Debug|Any CPU
		{CF285673-ACBF-4DFB-9AF2-82FE915A487C}.Debug|Any CPU.Build.0 = Debug|Any CPU
		{CF285673-ACBF-4DFB-9AF2-82FE915A487C}.Release|Any CPU.ActiveCfg = Release|Any CPU
		{CF285673-ACBF-4DFB-9AF2-82FE915A487C}.Release|Any CPU.Build.0 = Release|Any CPU
		{2D6FD549-839B-4356-BD7B-5BAB7C7ADFAA}.Debug|Any CPU.ActiveCfg = Debug|Any CPU
		{2D6FD549-839B-4356-BD7B-5BAB7C7ADFAA}.Debug|Any CPU.Build.0 = Debug|Any CPU
		{2D6FD549-839B-4356-BD7B-5BAB7C7ADFAA}.Release|Any CPU.ActiveCfg = Release|Any CPU
		{2D6FD549-839B-4356-BD7B-5BAB7C7ADFAA}.Release|Any CPU.Build.0 = Release|Any CPU
	EndGlobalSection
	GlobalSection(SolutionProperties) = preSolution
		HideSolutionNode = FALSE
	EndGlobalSection
	GlobalSection(ExtensibilityGlobals) = postSolution
		SolutionGuid = {3E346C81-0CF8-4B62-9BEE-3879693CEC28}
	EndGlobalSection
EndGlobal
