
Microsoft Visual Studio Solution File, Format Version 12.00
# Visual Studio Version 17
VisualStudioVersion = 17.14.36121.58 d17.14
MinimumVisualStudioVersion = 10.0.40219.1
Project("{FAE04EC0-301F-11D3-BF4B-00C04F79EFBC}") = "Bai2", "Bai2\Bai2.csproj", "{2E3860C2-C0F0-40E9-98A2-B0EA66066B91}"
EndProject
Global
	GlobalSection(SolutionConfigurationPlatforms) = preSolution
		Debug|Any CPU = Debug|Any CPU
		Release|Any CPU = Release|Any CPU
	EndGlobalSection
	GlobalSection(ProjectConfigurationPlatforms) = postSolution
		{2E3860C2-C0F0-40E9-98A2-B0EA66066B91}.Debug|Any CPU.ActiveCfg = Debug|Any CPU
		{2E3860C2-C0F0-40E9-98A2-B0EA66066B91}.Debug|Any CPU.Build.0 = Debug|Any CPU
		{2E3860C2-C0F0-40E9-98A2-B0EA66066B91}.Release|Any CPU.ActiveCfg = Release|Any CPU
		{2E3860C2-C0F0-40E9-98A2-B0EA66066B91}.Release|Any CPU.Build.0 = Release|Any CPU
	EndGlobalSection
	GlobalSection(SolutionProperties) = preSolution
		HideSolutionNode = FALSE
	EndGlobalSection
	GlobalSection(ExtensibilityGlobals) = postSolution
		SolutionGuid = {3E53E9F2-A1C0-473D-940F-8346ADF567D9}
	EndGlobalSection
EndGlobal
